PATH
  remote: .
  specs:
    ruby-repo-kit (0.1.0)
      bundler (>= 2.6, < 5)
      date (>= 3.4, < 4)
      erb (>= 4.0, < 7)
      json (>= 2.9, < 4)
      open3 (~> 0.2)
      optparse (>= 0.6, < 1)
      psych (>= 5.2, < 6)
      rake (~> 13.4)

GEM
  remote: https://rubygems.org/
  specs:
    ast (2.4.3)
    bundler-audit (0.9.3)
      bundler (>= 1.2.0)
      thor (~> 1.0)
    date (3.5.1)
    drb (2.2.3)
    erb (6.0.7)
    json (3.0.2)
    language_server-protocol (3.17.0.6)
    lint_roller (1.1.0)
    minitest (6.0.6)
      drb (~> 2.0)
      prism (~> 1.5)
    open3 (0.2.1)
    optparse (0.8.1)
    parallel (2.3.0)
    parser (3.3.12.0)
      ast (~> 2.4.1)
      racc
    prism (1.9.0)
    psych (5.5.0)
      date
      stringio
    racc (1.8.1)
    rainbow (3.1.1)
    rake (13.4.2)
    regexp_parser (2.13.1)
    rubocop (1.91.0)
      json (>= 2.3)
      language_server-protocol (~> 3.17.0.2)
      lint_roller (~> 1.1.0)
      parallel (>= 1.10)
      parser (>= 3.3.0.2)
      rainbow (>= 2.2.2, < 4.0)
      regexp_parser (>= 2.9.3, < 3.0)
      rubocop-ast (>= 1.49.0, < 2.0)
      ruby-progressbar (~> 1.7)
      unicode-display_width (>= 2.4.0, < 4.0)
    rubocop-ast (1.50.0)
      parser (>= 3.3.7.2)
      prism (~> 1.7)
    rubocop-minitest (0.41.0)
      lint_roller (~> 1.1)
      rubocop (>= 1.89.0, < 2.0)
      rubocop-ast (>= 1.38.0, < 2.0)
    rubocop-performance (1.27.0)
      lint_roller (~> 1.1)
      rubocop (>= 1.89.0, < 2.0)
      rubocop-ast (>= 1.47.1, < 2.0)
    rubocop-rake (0.7.1)
      lint_roller (~> 1.1)
      rubocop (>= 1.72.1)
    ruby-progressbar (1.13.0)
    simplecov (1.3.2)
    stringio (3.2.0)
    thor (1.5.0)
    unicode-display_width (3.3.0)
      unicode-emoji (~> 4.3)
    unicode-emoji (4.3.0)

PLATFORMS
  ruby
  x86_64-linux

DEPENDENCIES
  bundler-audit (~> 0.9)
  minitest (~> 6.0)
  rake (~> 13.4)
  rubocop (~> 1.91)
  rubocop-minitest (~> 0.40)
  rubocop-performance (~> 1.27)
  rubocop-rake (~> 0.7)
  ruby-repo-kit!
  simplecov (~> 1.3)

CHECKSUMS
  ast (2.4.3)
  bundler (4.0.22) sha256=d8d5ec84c8555e0af71db63ed7aee4d1a8fb839ec46d84212d61979242a5d75a
  bundler-audit (0.9.3)
  date (3.5.1)
  drb (2.2.3)
  erb (6.0.7)
  json (3.0.2)
  language_server-protocol (3.17.0.6)
  lint_roller (1.1.0)
  minitest (6.0.6)
  open3 (0.2.1)
  optparse (0.8.1)
  parallel (2.3.0)
  parser (3.3.12.0)
  prism (1.9.0)
  psych (5.5.0)
  racc (1.8.1)
  rainbow (3.1.1)
  rake (13.4.2)
  regexp_parser (2.13.1)
  rubocop (1.91.0)
  rubocop-ast (1.50.0)
  rubocop-minitest (0.41.0)
  rubocop-performance (1.27.0)
  rubocop-rake (0.7.1)
  ruby-progressbar (1.13.0)
  ruby-repo-kit (0.1.0)
  simplecov (1.3.2)
  stringio (3.2.0)
  thor (1.5.0)
  unicode-display_width (3.3.0)
  unicode-emoji (4.3.0)

BUNDLED WITH
  4.0.22
